
Microsoft Visual Studio Solution File, Format Version 12.00
# Visual Studio 15
Project("{FAE04EC0-301F-11D3-BF4B-00C04F79EFBC}") = "Homework-3", "Homework-3\Homework-3.csproj", "{B9C832D1-F621-4C90-8D94-3794D7E74127}"
EndProject
Global
	GlobalSection(SolutionConfigurationPlatforms) = preSolution
		Debug|Any CPU = Debug|Any CPU
		Release|Any CPU = Release|Any CPU
	EndGlobalSection
	GlobalSection(ProjectConfigurationPlatforms) = postSolution
		{B9C832D1-F621-4C90-8D94-3794D7E74127}.Debug|Any CPU.ActiveCfg = Debug|Any CPU
		{B9C832D1-F621-4C90-8D94-3794D7E74127}.Debug|Any CPU.Build.0 = Debug|Any CPU
		{B9C832D1-F621-4C90-8D94-3794D7E74127}.Release|Any CPU.ActiveCfg = Release|Any CPU
		{B9C832D1-F621-4C90-8D94-3794D7E74127}.Release|Any CPU.Build.0 = Release|Any CPU
	EndGlobalSection
EndGlobal
